
Microsoft Visual Studio Solution File, Format Version 12.00
# Visual Studio Version 17
VisualStudioVersion = 17.0.32002.185
MinimumVisualStudioVersion = 10.0.40219.1
Project("{FAE04EC0-301F-11D3-BF4B-00C04F79EFBC}") = "Pos_cafe_management", "Pos_cafe_management\Pos_cafe_management.csproj", "{ABA470A4-B25A-43BD-BD3A-2A467F704779}"
EndProject
Global
	GlobalSection(SolutionConfigurationPlatforms) = preSolution
		Debug|Any CPU = Debug|Any CPU
		Release|Any CPU = Release|Any CPU
	EndGlobalSection
	GlobalSection(ProjectConfigurationPlatforms) = postSolution
		{ABA470A4-B25A-43BD-BD3A-2A467F704779}.Debug|Any CPU.ActiveCfg = Debug|Any CPU
		{ABA470A4-B25A-43BD-BD3A-2A467F704779}.Debug|Any CPU.Build.0 = Debug|Any CPU
		{ABA470A4-B25A-43BD-BD3A-2A467F704779}.Release|Any CPU.ActiveCfg = Release|Any CPU
		{ABA470A4-B25A-43BD-BD3A-2A467F704779}.Release|Any CPU.Build.0 = Release|Any CPU
	EndGlobalSection
	GlobalSection(SolutionProperties) = preSolution
		HideSolutionNode = FALSE
	EndGlobalSection
	GlobalSection(ExtensibilityGlobals) = postSolution
		SolutionGuid = {7E3853AD-A38D-4931-A9EC-4257C73B2BF5}
	EndGlobalSection
EndGlobal
